
Microsoft Visual Studio Solution File, Format Version 12.00
# Visual Studio Version 17
VisualStudioVersion = 17.12.35506.116
MinimumVisualStudioVersion = 10.0.40219.1
Project("{FAE04EC0-301F-11D3-BF4B-00C04F79EFBC}") = "HelloWorld", "HelloWorld\HelloWorld.csproj", "{2C0FA9D0-9F97-42B1-B687-0D25D93AECC1}"
EndProject
Project("{FAE04EC0-301F-11D3-BF4B-00C04F79EFBC}") = "FormsAppNetFramework", "FormsAppNetFramework\FormsAppNetFramework.csproj", "{1357B8A6-E93F-4D47-8792-DCB137CEB380}"
EndProject
Project("{FAE04EC0-301F-11D3-BF4B-00C04F79EFBC}") = "ConsoleAppDotNet", "ConsoleAppDotNet\ConsoleAppDotNet.csproj", "{92CCEAF0-3134-4D22-8E0F-685055C647BD}"
EndProject
Project("{FAE04EC0-301F-11D3-BF4B-00C04F79EFBC}") = "ConsoleAppNetFramework", "ConsoleAppNetFramework\ConsoleAppNetFramework.csproj", "{AE7FC73D-7ECA-4239-981D-44F4750946F2}"
EndProject
Project("{FAE04EC0-301F-11D3-BF4B-00C04F79EFBC}") = "ConsoleAppTopLevel", "ConsoleAppTopLevel\ConsoleAppTopLevel.csproj", "{ABA78B7B-0AF4-4CEC-A060-E84181982A1C}"
EndProject
Project("{FAE04EC0-301F-11D3-BF4B-00C04F79EFBC}") = "MyConsoleApp", "MyConsoleApp\MyConsoleApp.csproj", "{4FBF9ED1-F89A-4A83-80A7-0BEB59233FD3}"
EndProject
Project("{FAE04EC0-301F-11D3-BF4B-00C04F79EFBC}") = "Variables", "Variables\Variables.csproj", "{22311984-D7E9-47ED-AAB3-F713B6595488}"
EndProject
Project("{FAE04EC0-301F-11D3-BF4B-00C04F79EFBC}") = "In-Out", "In-Out\In-Out.csproj", "{7443A71D-B859-4C64-9983-F5045B549050}"
EndProject
Project("{FAE04EC0-301F-11D3-BF4B-00C04F79EFBC}") = "InvertNames", "InvertNames\InvertNames.csproj", "{FC401204-CA6E-435E-91FD-9DAF925E363F}"
EndProject
Project("{FAE04EC0-301F-11D3-BF4B-00C04F79EFBC}") = "Conversion", "Convert\Conversion.csproj", "{605045DC-7CA0-4279-B6DF-797DD0ED3C80}"
EndProject
Project("{FAE04EC0-301F-11D3-BF4B-00C04F79EFBC}") = "Fibonacci", "Fibonacci\Fibonacci.csproj", "{62240842-0167-495C-B841-57932811593D}"
EndProject
Project("{FAE04EC0-301F-11D3-BF4B-00C04F79EFBC}") = "ClassesObjects", "ClassesObjects\ClassesObjects.csproj", "{A85371D2-C538-44F3-A7A2-32EE277C0FF3}"
EndProject
Project("{FAE04EC0-301F-11D3-BF4B-00C04F79EFBC}") = "Recursion", "Recursion\Recursion.csproj", "{1C84D34C-3990-409C-B12A-AAD3383C35E9}"
EndProject
Project("{FAE04EC0-301F-11D3-BF4B-00C04F79EFBC}") = "RegistrationSystem", "RegistrationSystem\RegistrationSystem.csproj", "{6ECC0839-C898-4666-B123-9DC171DCCC5B}"
EndProject
Project("{FAE04EC0-301F-11D3-BF4B-00C04F79EFBC}") = "LoginSystem", "LoginSystem\LoginSystem.csproj", "{1624A98F-3BA7-492B-9479-B4463583CFE7}"
EndProject
Project("{FAE04EC0-301F-11D3-BF4B-00C04F79EFBC}") = "17-Collections", "17-Collections\17-Collections.csproj", "{5A5A6CAA-1749-4A32-8463-AA93E7F165EC}"
EndProject
Project("{FAE04EC0-301F-11D3-BF4B-00C04F79EFBC}") = "17 - JoKenPo", "17 - JoKenPo\17 - JoKenPo.csproj", "{7634F96A-E000-4B07-8C94-C294C6A9F1BF}"
EndProject
Project("{FAE04EC0-301F-11D3-BF4B-00C04F79EFBC}") = "ImportantClasses", "ImportantClasses\ImportantClasses.csproj", "{3CD319FE-D55B-46A3-9D9E-9572DD64FE8F}"
EndProject
Project("{FAE04EC0-301F-11D3-BF4B-00C04F79EFBC}") = "Threads", "Threads\Threads.csproj", "{FBF31F0C-2D54-49F9-ADDF-E9E3B76C7149}"
EndProject
Project("{FAE04EC0-301F-11D3-BF4B-00C04F79EFBC}") = "Tasks", "Task\Tasks.csproj", "{43079A13-B8AA-491A-AC1F-1EBD77FB2270}"
EndProject
Project("{FAE04EC0-301F-11D3-BF4B-00C04F79EFBC}") = "19-FormDetails", "19-FormDetails\19-FormDetails.csproj", "{A116CAE5-E1AF-45F2-824A-9AF0B816B580}"
EndProject
Project("{FAE04EC0-301F-11D3-BF4B-00C04F79EFBC}") = "19-ControlForm", "ControlForm\19-ControlForm.csproj", "{5DCB803E-0D27-4127-9638-E7ED0B22B63B}"
EndProject
Project("{FAE04EC0-301F-11D3-BF4B-00C04F79EFBC}") = "19-FormMdi", "FormMdi\19-FormMdi.csproj", "{86E40DD3-0416-47EA-B352-274E2F23002C}"
EndProject
Project("{FAE04EC0-301F-11D3-BF4B-00C04F79EFBC}") = "21-ErrorControl", "ErrorControl\21-ErrorControl.csproj", "{454E349A-A32B-4E57-868E-6F224E9A05ED}"
EndProject
Project("{FAE04EC0-301F-11D3-BF4B-00C04F79EFBC}") = "22-File", "22-File\22-File.csproj", "{987E9E5C-E492-4655-A245-398C6D16B36D}"
EndProject
Project("{FAE04EC0-301F-11D3-BF4B-00C04F79EFBC}") = "23-DataBases", "23-DataBases\23-DataBases.csproj", "{121BA3DE-127E-46C8-8D31-AA195EC38C25}"
EndProject
Project("{FAE04EC0-301F-11D3-BF4B-00C04F79EFBC}") = "24-LINQ", "24-LINQ\24-LINQ.csproj", "{8C234BFF-1FE3-4094-B0DB-91622A619112}"
EndProject
Project("{FAE04EC0-301F-11D3-BF4B-00C04F79EFBC}") = "25-GDI+", "25-GDI+\25-GDI+.csproj", "{163AA392-710C-43CB-B6E5-7AFEBF4B6030}"
EndProject
Project("{FAE04EC0-301F-11D3-BF4B-00C04F79EFBC}") = "27-Socket client", "27-Socket client\27-Socket client.csproj", "{33395C1F-5E1E-4582-87E3-9ADCAC297479}"
EndProject
Project("{FAE04EC0-301F-11D3-BF4B-00C04F79EFBC}") = "27-TransferFileServer", "27-TransferFileServer\27-TransferFileServer.csproj", "{81ABAA2F-49A4-4005-A621-EFACACF3E904}"
EndProject
Project("{FAE04EC0-301F-11D3-BF4B-00C04F79EFBC}") = "27-TransferFileClient", "27-TransferFileClient\27-TransferFileClient.csproj", "{1672B2B3-D494-4535-AE14-28EAB765366B}"
EndProject
Project("{FAE04EC0-301F-11D3-BF4B-00C04F79EFBC}") = "27-ChatServer", "27-ChatServer\27-ChatServer.csproj", "{7E858ED8-F785-4AFC-B485-4DE9F790DEAB}"
EndProject
Project("{FAE04EC0-301F-11D3-BF4B-00C04F79EFBC}") = "27-ChatClient", "27-ChatClient\27-ChatClient.csproj", "{75E1B18B-D753-43FE-B0C2-F4432F6A18E1}"
EndProject
Project("{FAE04EC0-301F-11D3-BF4B-00C04F79EFBC}") = "28-Matematica", "28-Matematica\28-Matematica.csproj", "{FACB0FDD-00F5-4BA4-BA76-3D8D3BB978A6}"
EndProject
Project("{FAE04EC0-301F-11D3-BF4B-00C04F79EFBC}") = "28-Operations", "28-Operations\28-Operations.csproj", "{BCE1DF0E-4049-4418-8893-130EB77AF0E0}"
EndProject
Project("{FAE04EC0-301F-11D3-BF4B-00C04F79EFBC}") = "28-Installer", "28-Installer\28-Installer.csproj", "{4885A3D1-C564-4FE6-B4FC-EBBBB48B37CF}"
EndProject
Project("{FAE04EC0-301F-11D3-BF4B-00C04F79EFBC}") = "29-data-encryption", "29-data-encryption\29-data-encryption.csproj", "{EFA2412A-4078-4874-B428-481747CEE29D}"
EndProject
Project("{FAE04EC0-301F-11D3-BF4B-00C04F79EFBC}") = "29-EncriptFiles", "29-EncriptFiles\29-EncriptFiles.csproj", "{02788948-12A5-4CA8-AAB1-8F33AAC1158E}"
EndProject
Project("{FAE04EC0-301F-11D3-BF4B-00C04F79EFBC}") = "31-Assync programming", "31-Assync programming\31-Assync programming.csproj", "{9110D68C-BD9D-40AB-93FE-39508F4392A1}"
EndProject
Project("{FAE04EC0-301F-11D3-BF4B-00C04F79EFBC}") = "31-LambdaExpressions", "31-LambdaExpressions\31-LambdaExpressions.csproj", "{39AA75DA-9AFB-42BF-B367-65E083694839}"
EndProject
Project("{FAE04EC0-301F-11D3-BF4B-00C04F79EFBC}") = "31-Graphs", "31-Graphs\31-Graphs.csproj", "{860B3327-589B-46B3-9B78-325E1677EE7D}"
EndProject
Project("{FAE04EC0-301F-11D3-BF4B-00C04F79EFBC}") = "31-CaptureKeys", "31-CaptureKeys\31-CaptureKeys.csproj", "{6BD580BD-FAA1-4052-9D7F-50EC3FFB423D}"
EndProject
Project("{FAE04EC0-301F-11D3-BF4B-00C04F79EFBC}") = "31-CylinderVolume", "31-CylinderVolume\31-CylinderVolume.csproj", "{7F6173C2-4E45-473A-858F-7BC0F0836910}"
EndProject
Project("{FAE04EC0-301F-11D3-BF4B-00C04F79EFBC}") = "32-Names", "32-Names\32-Names.csproj", "{44D226D8-204F-4DD7-BB87-066BAADDF532}"
EndProject
Global
	GlobalSection(SolutionConfigurationPlatforms) = preSolution
		Debug|Any CPU = Debug|Any CPU
		Release|Any CPU = Release|Any CPU
	EndGlobalSection
	GlobalSection(ProjectConfigurationPlatforms) = postSolution
		{2C0FA9D0-9F97-42B1-B687-0D25D93AECC1}.Debug|Any CPU.ActiveCfg = Debug|Any CPU
		{2C0FA9D0-9F97-42B1-B687-0D25D93AECC1}.Debug|Any CPU.Build.0 = Debug|Any CPU
		{2C0FA9D0-9F97-42B1-B687-0D25D93AECC1}.Release|Any CPU.ActiveCfg = Release|Any CPU
		{2C0FA9D0-9F97-42B1-B687-0D25D93AECC1}.Release|Any CPU.Build.0 = Release|Any CPU
		{1357B8A6-E93F-4D47-8792-DCB137CEB380}.Debug|Any CPU.ActiveCfg = Debug|Any CPU
		{1357B8A6-E93F-4D47-8792-DCB137CEB380}.Debug|Any CPU.Build.0 = Debug|Any CPU
		{1357B8A6-E93F-4D47-8792-DCB137CEB380}.Release|Any CPU.ActiveCfg = Release|Any CPU
		{1357B8A6-E93F-4D47-8792-DCB137CEB380}.Release|Any CPU.Build.0 = Release|Any CPU
		{92CCEAF0-3134-4D22-8E0F-685055C647BD}.Debug|Any CPU.ActiveCfg = Debug|Any CPU
		{92CCEAF0-3134-4D22-8E0F-685055C647BD}.Debug|Any CPU.Build.0 = Debug|Any CPU
		{92CCEAF0-3134-4D22-8E0F-685055C647BD}.Release|Any CPU.ActiveCfg = Release|Any CPU
		{92CCEAF0-3134-4D22-8E0F-685055C647BD}.Release|Any CPU.Build.0 = Release|Any CPU
		{AE7FC73D-7ECA-4239-981D-44F4750946F2}.Debug|Any CPU.ActiveCfg = Debug|Any CPU
		{AE7FC73D-7ECA-4239-981D-44F4750946F2}.Debug|Any CPU.Build.0 = Debug|Any CPU
		{AE7FC73D-7ECA-4239-981D-44F4750946F2}.Release|Any CPU.ActiveCfg = Release|Any CPU
		{AE7FC73D-7ECA-4239-981D-44F4750946F2}.Release|Any CPU.Build.0 = Release|Any CPU
		{ABA78B7B-0AF4-4CEC-A060-E84181982A1C}.Debug|Any CPU.ActiveCfg = Debug|Any CPU
		{ABA78B7B-0AF4-4CEC-A060-E84181982A1C}.Debug|Any CPU.Build.0 = Debug|Any CPU
		{ABA78B7B-0AF4-4CEC-A060-E84181982A1C}.Release|Any CPU.ActiveCfg = Release|Any CPU
		{ABA78B7B-0AF4-4CEC-A060-E84181982A1C}.Release|Any CPU.Build.0 = Release|Any CPU
		{4FBF9ED1-F89A-4A83-80A7-0BEB59233FD3}.Debug|Any CPU.ActiveCfg = Debug|Any CPU
		{4FBF9ED1-F89A-4A83-80A7-0BEB59233FD3}.Debug|Any CPU.Build.0 = Debug|Any CPU
		{4FBF9ED1-F89A-4A83-80A7-0BEB59233FD3}.Release|Any CPU.ActiveCfg = Release|Any CPU
		{4FBF9ED1-F89A-4A83-80A7-0BEB59233FD3}.Release|Any CPU.Build.0 = Release|Any CPU
		{22311984-D7E9-47ED-AAB3-F713B6595488}.Debug|Any CPU.ActiveCfg = Debug|Any CPU
		{22311984-D7E9-47ED-AAB3-F713B6595488}.Debug|Any CPU.Build.0 = Debug|Any CPU
		{22311984-D7E9-47ED-AAB3-F713B6595488}.Release|Any CPU.ActiveCfg = Release|Any CPU
		{22311984-D7E9-47ED-AAB3-F713B6595488}.Release|Any CPU.Build.0 = Release|Any CPU
		{7443A71D-B859-4C64-9983-F5045B549050}.Debug|Any CPU.ActiveCfg = Debug|Any CPU
		{7443A71D-B859-4C64-9983-F5045B549050}.Debug|Any CPU.Build.0 = Debug|Any CPU
		{7443A71D-B859-4C64-9983-F5045B549050}.Release|Any CPU.ActiveCfg = Release|Any CPU
		{7443A71D-B859-4C64-9983-F5045B549050}.Release|Any CPU.Build.0 = Release|Any CPU
		{FC401204-CA6E-435E-91FD-9DAF925E363F}.Debug|Any CPU.ActiveCfg = Debug|Any CPU
		{FC401204-CA6E-435E-91FD-9DAF925E363F}.Debug|Any CPU.Build.0 = Debug|Any CPU
		{FC401204-CA6E-435E-91FD-9DAF925E363F}.Release|Any CPU.ActiveCfg = Release|Any CPU
		{FC401204-CA6E-435E-91FD-9DAF925E363F}.Release|Any CPU.Build.0 = Release|Any CPU
		{605045DC-7CA0-4279-B6DF-797DD0ED3C80}.Debug|Any CPU.ActiveCfg = Debug|Any CPU
		{605045DC-7CA0-4279-B6DF-797DD0ED3C80}.Debug|Any CPU.Build.0 = Debug|Any CPU
		{605045DC-7CA0-4279-B6DF-797DD0ED3C80}.Release|Any CPU.ActiveCfg = Release|Any CPU
		{605045DC-7CA0-4279-B6DF-797DD0ED3C80}.Release|Any CPU.Build.0 = Release|Any CPU
		{62240842-0167-495C-B841-57932811593D}.Debug|Any CPU.ActiveCfg = Debug|Any CPU
		{62240842-0167-495C-B841-57932811593D}.Debug|Any CPU.Build.0 = Debug|Any CPU
		{62240842-0167-495C-B841-57932811593D}.Release|Any CPU.ActiveCfg = Release|Any CPU
		{62240842-0167-495C-B841-57932811593D}.Release|Any CPU.Build.0 = Release|Any CPU
		{A85371D2-C538-44F3-A7A2-32EE277C0FF3}.Debug|Any CPU.ActiveCfg = Debug|Any CPU
		{A85371D2-C538-44F3-A7A2-32EE277C0FF3}.Debug|Any CPU.Build.0 = Debug|Any CPU
		{A85371D2-C538-44F3-A7A2-32EE277C0FF3}.Release|Any CPU.ActiveCfg = Release|Any CPU
		{A85371D2-C538-44F3-A7A2-32EE277C0FF3}.Release|Any CPU.Build.0 = Release|Any CPU
		{1C84D34C-3990-409C-B12A-AAD3383C35E9}.Debug|Any CPU.ActiveCfg = Debug|Any CPU
		{1C84D34C-3990-409C-B12A-AAD3383C35E9}.Debug|Any CPU.Build.0 = Debug|Any CPU
		{1C84D34C-3990-409C-B12A-AAD3383C35E9}.Release|Any CPU.ActiveCfg = Release|Any CPU
		{1C84D34C-3990-409C-B12A-AAD3383C35E9}.Release|Any CPU.Build.0 = Release|Any CPU
		{6ECC0839-C898-4666-B123-9DC171DCCC5B}.Debug|Any CPU.ActiveCfg = Debug|Any CPU
		{6ECC0839-C898-4666-B123-9DC171DCCC5B}.Debug|Any CPU.Build.0 = Debug|Any CPU
		{6ECC0839-C898-4666-B123-9DC171DCCC5B}.Release|Any CPU.ActiveCfg = Release|Any CPU
		{6ECC0839-C898-4666-B123-9DC171DCCC5B}.Release|Any CPU.Build.0 = Release|Any CPU
		{1624A98F-3BA7-492B-9479-B4463583CFE7}.Debug|Any CPU.ActiveCfg = Debug|Any CPU
		{1624A98F-3BA7-492B-9479-B4463583CFE7}.Debug|Any CPU.Build.0 = Debug|Any CPU
		{1624A98F-3BA7-492B-9479-B4463583CFE7}.Release|Any CPU.ActiveCfg = Release|Any CPU
		{1624A98F-3BA7-492B-9479-B4463583CFE7}.Release|Any CPU.Build.0 = Release|Any CPU
		{5A5A6CAA-1749-4A32-8463-AA93E7F165EC}.Debug|Any CPU.ActiveCfg = Debug|Any CPU
		{5A5A6CAA-1749-4A32-8463-AA93E7F165EC}.Debug|Any CPU.Build.0 = Debug|Any CPU
		{5A5A6CAA-1749-4A32-8463-AA93E7F165EC}.Release|Any CPU.ActiveCfg = Release|Any CPU
		{5A5A6CAA-1749-4A32-8463-AA93E7F165EC}.Release|Any CPU.Build.0 = Release|Any CPU
		{7634F96A-E000-4B07-8C94-C294C6A9F1BF}.Debug|Any CPU.ActiveCfg = Debug|Any CPU
		{7634F96A-E000-4B07-8C94-C294C6A9F1BF}.Debug|Any CPU.Build.0 = Debug|Any CPU
		{7634F96A-E000-4B07-8C94-C294C6A9F1BF}.Release|Any CPU.ActiveCfg = Release|Any CPU
		{7634F96A-E000-4B07-8C94-C294C6A9F1BF}.Release|Any CPU.Build.0 = Release|Any CPU
		{3CD319FE-D55B-46A3-9D9E-9572DD64FE8F}.Debug|Any CPU.ActiveCfg = Debug|Any CPU
		{3CD319FE-D55B-46A3-9D9E-9572DD64FE8F}.Debug|Any CPU.Build.0 = Debug|Any CPU
		{3CD319FE-D55B-46A3-9D9E-9572DD64FE8F}.Release|Any CPU.ActiveCfg = Release|Any CPU
		{3CD319FE-D55B-46A3-9D9E-9572DD64FE8F}.Release|Any CPU.Build.0 = Release|Any CPU
		{FBF31F0C-2D54-49F9-ADDF-E9E3B76C7149}.Debug|Any CPU.ActiveCfg = Debug|Any CPU
		{FBF31F0C-2D54-49F9-ADDF-E9E3B76C7149}.Debug|Any CPU.Build.0 = Debug|Any CPU
		{FBF31F0C-2D54-49F9-ADDF-E9E3B76C7149}.Release|Any CPU.ActiveCfg = Release|Any CPU
		{FBF31F0C-2D54-49F9-ADDF-E9E3B76C7149}.Release|Any CPU.Build.0 = Release|Any CPU
		{43079A13-B8AA-491A-AC1F-1EBD77FB2270}.Debug|Any CPU.ActiveCfg = Debug|Any CPU
		{43079A13-B8AA-491A-AC1F-1EBD77FB2270}.Debug|Any CPU.Build.0 = Debug|Any CPU
		{43079A13-B8AA-491A-AC1F-1EBD77FB2270}.Release|Any CPU.ActiveCfg = Release|Any CPU
		{43079A13-B8AA-491A-AC1F-1EBD77FB2270}.Release|Any CPU.Build.0 = Release|Any CPU
		{A116CAE5-E1AF-45F2-824A-9AF0B816B580}.Debug|Any CPU.ActiveCfg = Debug|Any CPU
		{A116CAE5-E1AF-45F2-824A-9AF0B816B580}.Debug|Any CPU.Build.0 = Debug|Any CPU
		{A116CAE5-E1AF-45F2-824A-9AF0B816B580}.Release|Any CPU.ActiveCfg = Release|Any CPU
		{A116CAE5-E1AF-45F2-824A-9AF0B816B580}.Release|Any CPU.Build.0 = Release|Any CPU
		{5DCB803E-0D27-4127-9638-E7ED0B22B63B}.Debug|Any CPU.ActiveCfg = Debug|Any CPU
		{5DCB803E-0D27-4127-9638-E7ED0B22B63B}.Debug|Any CPU.Build.0 = Debug|Any CPU
		{5DCB803E-0D27-4127-9638-E7ED0B22B63B}.Release|Any CPU.ActiveCfg = Release|Any CPU
		{5DCB803E-0D27-4127-9638-E7ED0B22B63B}.Release|Any CPU.Build.0 = Release|Any CPU
		{86E40DD3-0416-47EA-B352-274E2F23002C}.Debug|Any CPU.ActiveCfg = Debug|Any CPU
		{86E40DD3-0416-47EA-B352-274E2F23002C}.Debug|Any CPU.Build.0 = Debug|Any CPU
		{86E40DD3-0416-47EA-B352-274E2F23002C}.Release|Any CPU.ActiveCfg = Release|Any CPU
		{86E40DD3-0416-47EA-B352-274E2F23002C}.Release|Any CPU.Build.0 = Release|Any CPU
		{454E349A-A32B-4E57-868E-6F224E9A05ED}.Debug|Any CPU.ActiveCfg = Debug|Any CPU
		{454E349A-A32B-4E57-868E-6F224E9A05ED}.Debug|Any CPU.Build.0 = Debug|Any CPU
		{454E349A-A32B-4E57-868E-6F224E9A05ED}.Release|Any CPU.ActiveCfg = Release|Any CPU
		{454E349A-A32B-4E57-868E-6F224E9A05ED}.Release|Any CPU.Build.0 = Release|Any CPU
		{987E9E5C-E492-4655-A245-398C6D16B36D}.Debug|Any CPU.ActiveCfg = Debug|Any CPU
		{987E9E5C-E492-4655-A245-398C6D16B36D}.Debug|Any CPU.Build.0 = Debug|Any CPU
		{987E9E5C-E492-4655-A245-398C6D16B36D}.Release|Any CPU.ActiveCfg = Release|Any CPU
		{987E9E5C-E492-4655-A245-398C6D16B36D}.Release|Any CPU.Build.0 = Release|Any CPU
		{121BA3DE-127E-46C8-8D31-AA195EC38C25}.Debug|Any CPU.ActiveCfg = Debug|Any CPU
		{121BA3DE-127E-46C8-8D31-AA195EC38C25}.Debug|Any CPU.Build.0 = Debug|Any CPU
		{121BA3DE-127E-46C8-8D31-AA195EC38C25}.Release|Any CPU.ActiveCfg = Release|Any CPU
		{121BA3DE-127E-46C8-8D31-AA195EC38C25}.Release|Any CPU.Build.0 = Release|Any CPU
		{8C234BFF-1FE3-4094-B0DB-91622A619112}.Debug|Any CPU.ActiveCfg = Debug|Any CPU
		{8C234BFF-1FE3-4094-B0DB-91622A619112}.Debug|Any CPU.Build.0 = Debug|Any CPU
		{8C234BFF-1FE3-4094-B0DB-91622A619112}.Release|Any CPU.ActiveCfg = Release|Any CPU
		{8C234BFF-1FE3-4094-B0DB-91622A619112}.Release|Any CPU.Build.0 = Release|Any CPU
		{163AA392-710C-43CB-B6E5-7AFEBF4B6030}.Debug|Any CPU.ActiveCfg = Debug|Any CPU
		{163AA392-710C-43CB-B6E5-7AFEBF4B6030}.Debug|Any CPU.Build.0 = Debug|Any CPU
		{163AA392-710C-43CB-B6E5-7AFEBF4B6030}.Release|Any CPU.ActiveCfg = Release|Any CPU
		{163AA392-710C-43CB-B6E5-7AFEBF4B6030}.Release|Any CPU.Build.0 = Release|Any CPU
		{33395C1F-5E1E-4582-87E3-9ADCAC297479}.Debug|Any CPU.ActiveCfg = Debug|Any CPU
		{33395C1F-5E1E-4582-87E3-9ADCAC297479}.Debug|Any CPU.Build.0 = Debug|Any CPU
		{33395C1F-5E1E-4582-87E3-9ADCAC297479}.Release|Any CPU.ActiveCfg = Release|Any CPU
		{33395C1F-5E1E-4582-87E3-9ADCAC297479}.Release|Any CPU.Build.0 = Release|Any CPU
		{81ABAA2F-49A4-4005-A621-EFACACF3E904}.Debug|Any CPU.ActiveCfg = Debug|Any CPU
		{81ABAA2F-49A4-4005-A621-EFACACF3E904}.Debug|Any CPU.Build.0 = Debug|Any CPU
		{81ABAA2F-49A4-4005-A621-EFACACF3E904}.Release|Any CPU.ActiveCfg = Release|Any CPU
		{81ABAA2F-49A4-4005-A621-EFACACF3E904}.Release|Any CPU.Build.0 = Release|Any CPU
		{1672B2B3-D494-4535-AE14-28EAB765366B}.Debug|Any CPU.ActiveCfg = Debug|Any CPU
		{1672B2B3-D494-4535-AE14-28EAB765366B}.Debug|Any CPU.Build.0 = Debug|Any CPU
		{1672B2B3-D494-4535-AE14-28EAB765366B}.Release|Any CPU.ActiveCfg = Release|Any CPU
		{1672B2B3-D494-4535-AE14-28EAB765366B}.Release|Any CPU.Build.0 = Release|Any CPU
		{7E858ED8-F785-4AFC-B485-4DE9F790DEAB}.Debug|Any CPU.ActiveCfg = Debug|Any CPU
		{7E858ED8-F785-4AFC-B485-4DE9F790DEAB}.Debug|Any CPU.Build.0 = Debug|Any CPU
		{7E858ED8-F785-4AFC-B485-4DE9F790DEAB}.Release|Any CPU.ActiveCfg = Release|Any CPU
		{7E858ED8-F785-4AFC-B485-4DE9F790DEAB}.Release|Any CPU.Build.0 = Release|Any CPU
		{75E1B18B-D753-43FE-B0C2-F4432F6A18E1}.Debug|Any CPU.ActiveCfg = Debug|Any CPU
		{75E1B18B-D753-43FE-B0C2-F4432F6A18E1}.Debug|Any CPU.Build.0 = Debug|Any CPU
		{75E1B18B-D753-43FE-B0C2-F4432F6A18E1}.Release|Any CPU.ActiveCfg = Release|Any CPU
		{75E1B18B-D753-43FE-B0C2-F4432F6A18E1}.Release|Any CPU.Build.0 = Release|Any CPU
		{FACB0FDD-00F5-4BA4-BA76-3D8D3BB978A6}.Debug|Any CPU.ActiveCfg = Debug|Any CPU
		{FACB0FDD-00F5-4BA4-BA76-3D8D3BB978A6}.Debug|Any CPU.Build.0 = Debug|Any CPU
		{FACB0FDD-00F5-4BA4-BA76-3D8D3BB978A6}.Release|Any CPU.ActiveCfg = Release|Any CPU
		{FACB0FDD-00F5-4BA4-BA76-3D8D3BB978A6}.Release|Any CPU.Build.0 = Release|Any CPU
		{BCE1DF0E-4049-4418-8893-130EB77AF0E0}.Debug|Any CPU.ActiveCfg = Debug|Any CPU
		{BCE1DF0E-4049-4418-8893-130EB77AF0E0}.Debug|Any CPU.Build.0 = Debug|Any CPU
		{BCE1DF0E-4049-4418-8893-130EB77AF0E0}.Release|Any CPU.ActiveCfg = Release|Any CPU
		{BCE1DF0E-4049-4418-8893-130EB77AF0E0}.Release|Any CPU.Build.0 = Release|Any CPU
		{4885A3D1-C564-4FE6-B4FC-EBBBB48B37CF}.Debug|Any CPU.ActiveCfg = Debug|Any CPU
		{4885A3D1-C564-4FE6-B4FC-EBBBB48B37CF}.Debug|Any CPU.Build.0 = Debug|Any CPU
		{4885A3D1-C564-4FE6-B4FC-EBBBB48B37CF}.Release|Any CPU.ActiveCfg = Release|Any CPU
		{4885A3D1-C564-4FE6-B4FC-EBBBB48B37CF}.Release|Any CPU.Build.0 = Release|Any CPU
		{EFA2412A-4078-4874-B428-481747CEE29D}.Debug|Any CPU.ActiveCfg = Debug|Any CPU
		{EFA2412A-4078-4874-B428-481747CEE29D}.Debug|Any CPU.Build.0 = Debug|Any CPU
		{EFA2412A-4078-4874-B428-481747CEE29D}.Release|Any CPU.ActiveCfg = Release|Any CPU
		{EFA2412A-4078-4874-B428-481747CEE29D}.Release|Any CPU.Build.0 = Release|Any CPU
		{02788948-12A5-4CA8-AAB1-8F33AAC1158E}.Debug|Any CPU.ActiveCfg = Debug|Any CPU
		{02788948-12A5-4CA8-AAB1-8F33AAC1158E}.Debug|Any CPU.Build.0 = Debug|Any CPU
		{02788948-12A5-4CA8-AAB1-8F33AAC1158E}.Release|Any CPU.ActiveCfg = Release|Any CPU
		{02788948-12A5-4CA8-AAB1-8F33AAC1158E}.Release|Any CPU.Build.0 = Release|Any CPU
		{9110D68C-BD9D-40AB-93FE-39508F4392A1}.Debug|Any CPU.ActiveCfg = Debug|Any CPU
		{9110D68C-BD9D-40AB-93FE-39508F4392A1}.Debug|Any CPU.Build.0 = Debug|Any CPU
		{9110D68C-BD9D-40AB-93FE-39508F4392A1}.Release|Any CPU.ActiveCfg = Release|Any CPU
		{9110D68C-BD9D-40AB-93FE-39508F4392A1}.Release|Any CPU.Build.0 = Release|Any CPU
		{39AA75DA-9AFB-42BF-B367-65E083694839}.Debug|Any CPU.ActiveCfg = Debug|Any CPU
		{39AA75DA-9AFB-42BF-B367-65E083694839}.Debug|Any CPU.Build.0 = Debug|Any CPU
		{39AA75DA-9AFB-42BF-B367-65E083694839}.Release|Any CPU.ActiveCfg = Release|Any CPU
		{39AA75DA-9AFB-42BF-B367-65E083694839}.Release|Any CPU.Build.0 = Release|Any CPU
		{860B3327-589B-46B3-9B78-325E1677EE7D}.Debug|Any CPU.ActiveCfg = Debug|Any CPU
		{860B3327-589B-46B3-9B78-325E1677EE7D}.Debug|Any CPU.Build.0 = Debug|Any CPU
		{860B3327-589B-46B3-9B78-325E1677EE7D}.Release|Any CPU.ActiveCfg = Release|Any CPU
		{860B3327-589B-46B3-9B78-325E1677EE7D}.Release|Any CPU.Build.0 = Release|Any CPU
		{6BD580BD-FAA1-4052-9D7F-50EC3FFB423D}.Debug|Any CPU.ActiveCfg = Debug|Any CPU
		{6BD580BD-FAA1-4052-9D7F-50EC3FFB423D}.Debug|Any CPU.Build.0 = Debug|Any CPU
		{6BD580BD-FAA1-4052-9D7F-50EC3FFB423D}.Release|Any CPU.ActiveCfg = Release|Any CPU
		{6BD580BD-FAA1-4052-9D7F-50EC3FFB423D}.Release|Any CPU.Build.0 = Release|Any CPU
		{7F6173C2-4E45-473A-858F-7BC0F0836910}.Debug|Any CPU.ActiveCfg = Debug|Any CPU
		{7F6173C2-4E45-473A-858F-7BC0F0836910}.Debug|Any CPU.Build.0 = Debug|Any CPU
		{7F6173C2-4E45-473A-858F-7BC0F0836910}.Release|Any CPU.ActiveCfg = Release|Any CPU
		{7F6173C2-4E45-473A-858F-7BC0F0836910}.Release|Any CPU.Build.0 = Release|Any CPU
		{44D226D8-204F-4DD7-BB87-066BAADDF532}.Debug|Any CPU.ActiveCfg = Debug|Any CPU
		{44D226D8-204F-4DD7-BB87-066BAADDF532}.Debug|Any CPU.Build.0 = Debug|Any CPU
		{44D226D8-204F-4DD7-BB87-066BAADDF532}.Release|Any CPU.ActiveCfg = Release|Any CPU
		{44D226D8-204F-4DD7-BB87-066BAADDF532}.Release|Any CPU.Build.0 = Release|Any CPU
	EndGlobalSection
	GlobalSection(SolutionProperties) = preSolution
		HideSolutionNode = FALSE
	EndGlobalSection
	GlobalSection(ExtensibilityGlobals) = postSolution
		SolutionGuid = {57EFA427-BF27-44F0-9367-964C55CE9603}
	EndGlobalSection
EndGlobal
